# THIS IS AN AUTOGENERATED FILE. DO NOT EDIT THIS FILE DIRECTLY.
# yarn lockfile v1


tree-sitter-cli@^0.16.8:
  version "0.16.8"
  resolved "https://registry.yarnpkg.com/tree-sitter-cli/-/tree-sitter-cli-0.16.8.tgz#39393de3b0f3cf0d411f7c4e4d8d49e76fcdf8ee"
  integrity sha512-gMVZ0tpSCk1DQoyrSXlRaFZ4HztyVTKqYBTXitYKHmM+mrEIznDGV70ycqsCQYDjCnE461naMViGOItDGJDIHw==
